// !$*UTF8*$!
{
	archiveVersion = 1;
	classes = {
	};
	objectVersion = 50;
	objects = {

/* Begin PBXBuildFile section */
		9B16BF29212C10DB008AEA54 /* UIScrollViewRefresh.swift in Sources */ = {isa = PBXBuildFile; fileRef = 9B16BF28212C10DB008AEA54 /* UIScrollViewRefresh.swift */; };
		9B3EF69A212CFD5F0011D058 /* JBRefreshNormalHeader.swift in Sources */ = {isa = PBXBuildFile; fileRef = 9B3EF699212CFD5F0011D058 /* JBRefreshNormalHeader.swift */; };
		9B3EF69C212D13660011D058 /* JBRefreshGifHeader.swift in Sources */ = {isa = PBXBuildFile; fileRef = 9B3EF69B212D13660011D058 /* JBRefreshGifHeader.swift */; };
		9B3EF69E212D3A6C0011D058 /* JBTableViewControllerDemo.swift in Sources */ = {isa = PBXBuildFile; fileRef = 9B3EF69D212D3A6C0011D058 /* JBTableViewControllerDemo.swift */; };
		9B3EF6A1212D406E0011D058 /* JBChiBaoZiHeader.swift in Sources */ = {isa = PBXBuildFile; fileRef = 9B3EF6A0212D406E0011D058 /* JBChiBaoZiHeader.swift */; };
		9B3EF6A3212D4B160011D058 /* JBRefreshFooter.swift in Sources */ = {isa = PBXBuildFile; fileRef = 9B3EF6A2212D4B160011D058 /* JBRefreshFooter.swift */; };
		9B3EF6A5212D4E1B0011D058 /* JBRefreshAutoFooter.swift in Sources */ = {isa = PBXBuildFile; fileRef = 9B3EF6A4212D4E1B0011D058 /* JBRefreshAutoFooter.swift */; };
		9B3EF6A9212D5C6E0011D058 /* JBRefreshAutoStateFooter.swift in Sources */ = {isa = PBXBuildFile; fileRef = 9B3EF6A8212D5C6E0011D058 /* JBRefreshAutoStateFooter.swift */; };
		9B4039FF212819310092943B /* AppDelegate.swift in Sources */ = {isa = PBXBuildFile; fileRef = 9B4039FE212819310092943B /* AppDelegate.swift */; };
		9B403A01212819310092943B /* ViewController.swift in Sources */ = {isa = PBXBuildFile; fileRef = 9B403A00212819310092943B /* ViewController.swift */; };
		9B403A04212819310092943B /* Main.storyboard in Resources */ = {isa = PBXBuildFile; fileRef = 9B403A02212819310092943B /* Main.storyboard */; };
		9B403A06212819320092943B /* Assets.xcassets in Resources */ = {isa = PBXBuildFile; fileRef = 9B403A05212819320092943B /* Assets.xcassets */; };
		9B403A09212819320092943B /* LaunchScreen.storyboard in Resources */ = {isa = PBXBuildFile; fileRef = 9B403A07212819320092943B /* LaunchScreen.storyboard */; };
		9B403A14212819320092943B /* JBRefreshExanpleTests.swift in Sources */ = {isa = PBXBuildFile; fileRef = 9B403A13212819320092943B /* JBRefreshExanpleTests.swift */; };
		9B403A1F212819320092943B /* JBRefreshExanpleUITests.swift in Sources */ = {isa = PBXBuildFile; fileRef = 9B403A1E212819320092943B /* JBRefreshExanpleUITests.swift */; };
		9B403A3321281E160092943B /* JBRefreshComponent.swift in Sources */ = {isa = PBXBuildFile; fileRef = 9B403A3221281E160092943B /* JBRefreshComponent.swift */; };
		9BAEBAF0212A67ED00D7F5C9 /* JBRefreshConst.swift in Sources */ = {isa = PBXBuildFile; fileRef = 9BAEBAEF212A67ED00D7F5C9 /* JBRefreshConst.swift */; };
		9BAEBAF2212AA0C900D7F5C9 /* UIViewExtension.swift in Sources */ = {isa = PBXBuildFile; fileRef = 9BAEBAF1212AA0C900D7F5C9 /* UIViewExtension.swift */; };
		9BAEBAF4212AA78900D7F5C9 /* UIScrollViewExtension.swift in Sources */ = {isa = PBXBuildFile; fileRef = 9BAEBAF3212AA78900D7F5C9 /* UIScrollViewExtension.swift */; };
		9BAEBAF6212AEAC300D7F5C9 /* JBRefreshHeader.swift in Sources */ = {isa = PBXBuildFile; fileRef = 9BAEBAF5212AEAC300D7F5C9 /* JBRefreshHeader.swift */; };
		9BAEBAFA212BB09A00D7F5C9 /* JBRefreshStateHeader.swift in Sources */ = {isa = PBXBuildFile; fileRef = 9BAEBAF9212BB09A00D7F5C9 /* JBRefreshStateHeader.swift */; };
		9BAEBAFC212BB27B00D7F5C9 /* UILabelExtension.swift in Sources */ = {isa = PBXBuildFile; fileRef = 9BAEBAFB212BB27B00D7F5C9 /* UILabelExtension.swift */; };
		9BAEBAFE212BBE2A00D7F5C9 /* NSBundleExtension.swift in Sources */ = {isa = PBXBuildFile; fileRef = 9BAEBAFD212BBE2A00D7F5C9 /* NSBundleExtension.swift */; };
		9BAEBB06212BC6B000D7F5C9 /* JBRefresh.bundle in Resources */ = {isa = PBXBuildFile; fileRef = 9BAEBB05212BC6AF00D7F5C9 /* JBRefresh.bundle */; };
/* End PBXBuildFile section */

/* Begin PBXContainerItemProxy section */
		9B403A10212819320092943B /* PBXContainerItemProxy */ = {
			isa = PBXContainerItemProxy;
			containerPortal = 9B4039F3212819310092943B /* Project object */;
			proxyType = 1;
			remoteGlobalIDString = 9B4039FA212819310092943B;
			remoteInfo = JBRefreshExanple;
		};
		9B403A1B212819320092943B /* PBXContainerItemProxy */ = {
			isa = PBXContainerItemProxy;
			containerPortal = 9B4039F3212819310092943B /* Project object */;
			proxyType = 1;
			remoteGlobalIDString = 9B4039FA212819310092943B;
			remoteInfo = JBRefreshExanple;
		};
/* End PBXContainerItemProxy section */

/* Begin PBXFileReference section */
		9B16BF28212C10DB008AEA54 /* UIScrollViewRefresh.swift */ = {isa = PBXFileReference; lastKnownFileType = sourcecode.swift; path = UIScrollViewRefresh.swift; sourceTree = "<group>"; };
		9B3EF699212CFD5F0011D058 /* JBRefreshNormalHeader.swift */ = {isa = PBXFileReference; lastKnownFileType = sourcecode.swift; path = JBRefreshNormalHeader.swift; sourceTree = "<group>"; };
		9B3EF69B212D13660011D058 /* JBRefreshGifHeader.swift */ = {isa = PBXFileReference; lastKnownFileType = sourcecode.swift; path = JBRefreshGifHeader.swift; sourceTree = "<group>"; };
		9B3EF69D212D3A6C0011D058 /* JBTableViewControllerDemo.swift */ = {isa = PBXFileReference; lastKnownFileType = sourcecode.swift; path = JBTableViewControllerDemo.swift; sourceTree = "<group>"; };
		9B3EF6A0212D406E0011D058 /* JBChiBaoZiHeader.swift */ = {isa = PBXFileReference; lastKnownFileType = sourcecode.swift; path = JBChiBaoZiHeader.swift; sourceTree = "<group>"; };
		9B3EF6A2212D4B160011D058 /* JBRefreshFooter.swift */ = {isa = PBXFileReference; lastKnownFileType = sourcecode.swift; path = JBRefreshFooter.swift; sourceTree = "<group>"; };
		9B3EF6A4212D4E1B0011D058 /* JBRefreshAutoFooter.swift */ = {isa = PBXFileReference; lastKnownFileType = sourcecode.swift; path = JBRefreshAutoFooter.swift; sourceTree = "<group>"; };
		9B3EF6A8212D5C6E0011D058 /* JBRefreshAutoStateFooter.swift */ = {isa = PBXFileReference; lastKnownFileType = sourcecode.swift; path = JBRefreshAutoStateFooter.swift; sourceTree = "<group>"; };
		9B4039FB212819310092943B /* JBRefreshExanple.app */ = {isa = PBXFileReference; explicitFileType = wrapper.application; includeInIndex = 0; path = JBRefreshExanple.app; sourceTree = BUILT_PRODUCTS_DIR; };
		9B4039FE212819310092943B /* AppDelegate.swift */ = {isa = PBXFileReference; lastKnownFileType = sourcecode.swift; path = AppDelegate.swift; sourceTree = "<group>"; };
		9B403A00212819310092943B /* ViewController.swift */ = {isa = PBXFileReference; lastKnownFileType = sourcecode.swift; path = ViewController.swift; sourceTree = "<group>"; };
		9B403A03212819310092943B /* Base */ = {isa = PBXFileReference; lastKnownFileType = file.storyboard; name = Base; path = Base.lproj/Main.storyboard; sourceTree = "<group>"; };
		9B403A05212819320092943B /* Assets.xcassets */ = {isa = PBXFileReference; lastKnownFileType = folder.assetcatalog; path = Assets.xcassets; sourceTree = "<group>"; };
		9B403A08212819320092943B /* Base */ = {isa = PBXFileReference; lastKnownFileType = file.storyboard; name = Base; path = Base.lproj/LaunchScreen.storyboard; sourceTree = "<group>"; };
		9B403A0A212819320092943B /* Info.plist */ = {isa = PBXFileReference; lastKnownFileType = text.plist.xml; path = Info.plist; sourceTree = "<group>"; };
		9B403A0F212819320092943B /* JBRefreshExanpleTests.xctest */ = {isa = PBXFileReference; explicitFileType = wrapper.cfbundle; includeInIndex = 0; path = JBRefreshExanpleTests.xctest; sourceTree = BUILT_PRODUCTS_DIR; };
		9B403A13212819320092943B /* JBRefreshExanpleTests.swift */ = {isa = PBXFileReference; lastKnownFileType = sourcecode.swift; path = JBRefreshExanpleTests.swift; sourceTree = "<group>"; };
		9B403A15212819320092943B /* Info.plist */ = {isa = PBXFileReference; lastKnownFileType = text.plist.xml; path = Info.plist; sourceTree = "<group>"; };
		9B403A1A212819320092943B /* JBRefreshExanpleUITests.xctest */ = {isa = PBXFileReference; explicitFileType = wrapper.cfbundle; includeInIndex = 0; path = JBRefreshExanpleUITests.xctest; sourceTree = BUILT_PRODUCTS_DIR; };
		9B403A1E212819320092943B /* JBRefreshExanpleUITests.swift */ = {isa = PBXFileReference; lastKnownFileType = sourcecode.swift; path = JBRefreshExanpleUITests.swift; sourceTree = "<group>"; };
		9B403A20212819320092943B /* Info.plist */ = {isa = PBXFileReference; lastKnownFileType = text.plist.xml; path = Info.plist; sourceTree = "<group>"; };
		9B403A3221281E160092943B /* JBRefreshComponent.swift */ = {isa = PBXFileReference; lastKnownFileType = sourcecode.swift; path = JBRefreshComponent.swift; sourceTree = "<group>"; };
		9BAEBAEF212A67ED00D7F5C9 /* JBRefreshConst.swift */ = {isa = PBXFileReference; lastKnownFileType = sourcecode.swift; path = JBRefreshConst.swift; sourceTree = "<group>"; };
		9BAEBAF1212AA0C900D7F5C9 /* UIViewExtension.swift */ = {isa = PBXFileReference; lastKnownFileType = sourcecode.swift; path = UIViewExtension.swift; sourceTree = "<group>"; };
		9BAEBAF3212AA78900D7F5C9 /* UIScrollViewExtension.swift */ = {isa = PBXFileReference; lastKnownFileType = sourcecode.swift; path = UIScrollViewExtension.swift; sourceTree = "<group>"; };
		9BAEBAF5212AEAC300D7F5C9 /* JBRefreshHeader.swift */ = {isa = PBXFileReference; lastKnownFileType = sourcecode.swift; path = JBRefreshHeader.swift; sourceTree = "<group>"; };
		9BAEBAF9212BB09A00D7F5C9 /* JBRefreshStateHeader.swift */ = {isa = PBXFileReference; lastKnownFileType = sourcecode.swift; path = JBRefreshStateHeader.swift; sourceTree = "<group>"; };
		9BAEBAFB212BB27B00D7F5C9 /* UILabelExtension.swift */ = {isa = PBXFileReference; lastKnownFileType = sourcecode.swift; path = UILabelExtension.swift; sourceTree = "<group>"; };
		9BAEBAFD212BBE2A00D7F5C9 /* NSBundleExtension.swift */ = {isa = PBXFileReference; lastKnownFileType = sourcecode.swift; path = NSBundleExtension.swift; sourceTree = "<group>"; };
		9BAEBB05212BC6AF00D7F5C9 /* JBRefresh.bundle */ = {isa = PBXFileReference; lastKnownFileType = "wrapper.plug-in"; path = JBRefresh.bundle; sourceTree = "<group>"; };
/* End PBXFileReference section */

/* Begin PBXFrameworksBuildPhase section */
		9B4039F8212819310092943B /* Frameworks */ = {
			isa = PBXFrameworksBuildPhase;
			buildActionMask = 2147483647;
			files = (
			);
			runOnlyForDeploymentPostprocessing = 0;
		};
		9B403A0C212819320092943B /* Frameworks */ = {
			isa = PBXFrameworksBuildPhase;
			buildActionMask = 2147483647;
			files = (
			);
			runOnlyForDeploymentPostprocessing = 0;
		};
		9B403A17212819320092943B /* Frameworks */ = {
			isa = PBXFrameworksBuildPhase;
			buildActionMask = 2147483647;
			files = (
			);
			runOnlyForDeploymentPostprocessing = 0;
		};
/* End PBXFrameworksBuildPhase section */

/* Begin PBXGroup section */
		9B3EF69F212D40200011D058 /* DIY */ = {
			isa = PBXGroup;
			children = (
				9B3EF6A0212D406E0011D058 /* JBChiBaoZiHeader.swift */,
			);
			path = DIY;
			sourceTree = "<group>";
		};
		9B3EF6A6212D5BF60011D058 /* Footer */ = {
			isa = PBXGroup;
			children = (
				9B3EF6A7212D5C020011D058 /* Auto */,
			);
			path = Footer;
			sourceTree = "<group>";
		};
		9B3EF6A7212D5C020011D058 /* Auto */ = {
			isa = PBXGroup;
			children = (
				9B3EF6A8212D5C6E0011D058 /* JBRefreshAutoStateFooter.swift */,
			);
			path = Auto;
			sourceTree = "<group>";
		};
		9B4039F2212819310092943B = {
			isa = PBXGroup;
			children = (
				9B4039FD212819310092943B /* JBRefreshExanple */,
				9B403A12212819320092943B /* JBRefreshExanpleTests */,
				9B403A1D212819320092943B /* JBRefreshExanpleUITests */,
				9B4039FC212819310092943B /* Products */,
			);
			sourceTree = "<group>";
		};
		9B4039FC212819310092943B /* Products */ = {
			isa = PBXGroup;
			children = (
				9B4039FB212819310092943B /* JBRefreshExanple.app */,
				9B403A0F212819320092943B /* JBRefreshExanpleTests.xctest */,
				9B403A1A212819320092943B /* JBRefreshExanpleUITests.xctest */,
			);
			name = Products;
			sourceTree = "<group>";
		};
		9B4039FD212819310092943B /* JBRefreshExanple */ = {
			isa = PBXGroup;
			children = (
				9B403A2C212819440092943B /* JBRefresh */,
				9B4039FE212819310092943B /* AppDelegate.swift */,
				9B403A00212819310092943B /* ViewController.swift */,
				9B3EF69D212D3A6C0011D058 /* JBTableViewControllerDemo.swift */,
				9B3EF69F212D40200011D058 /* DIY */,
				9B403A02212819310092943B /* Main.storyboard */,
				9B403A05212819320092943B /* Assets.xcassets */,
				9B403A07212819320092943B /* LaunchScreen.storyboard */,
				9B403A0A212819320092943B /* Info.plist */,
			);
			path = JBRefreshExanple;
			sourceTree = "<group>";
		};
		9B403A12212819320092943B /* JBRefreshExanpleTests */ = {
			isa = PBXGroup;
			children = (
				9B403A13212819320092943B /* JBRefreshExanpleTests.swift */,
				9B403A15212819320092943B /* Info.plist */,
			);
			path = JBRefreshExanpleTests;
			sourceTree = "<group>";
		};
		9B403A1D212819320092943B /* JBRefreshExanpleUITests */ = {
			isa = PBXGroup;
			children = (
				9B403A1E212819320092943B /* JBRefreshExanpleUITests.swift */,
				9B403A20212819320092943B /* Info.plist */,
			);
			path = JBRefreshExanpleUITests;
			sourceTree = "<group>";
		};
		9B403A2C212819440092943B /* JBRefresh */ = {
			isa = PBXGroup;
			children = (
				9BAEBB05212BC6AF00D7F5C9 /* JBRefresh.bundle */,
				9BAEBAF7212BB05600D7F5C9 /* Custom */,
				9B403A2F21281D840092943B /* Base */,
				9BAEBAEF212A67ED00D7F5C9 /* JBRefreshConst.swift */,
				9BAEBAF1212AA0C900D7F5C9 /* UIViewExtension.swift */,
				9BAEBAF3212AA78900D7F5C9 /* UIScrollViewExtension.swift */,
				9B16BF28212C10DB008AEA54 /* UIScrollViewRefresh.swift */,
				9BAEBAFB212BB27B00D7F5C9 /* UILabelExtension.swift */,
				9BAEBAFD212BBE2A00D7F5C9 /* NSBundleExtension.swift */,
			);
			name = JBRefresh;
			path = ../../JBRefresh;
			sourceTree = "<group>";
		};
		9B403A2F21281D840092943B /* Base */ = {
			isa = PBXGroup;
			children = (
				9B403A3221281E160092943B /* JBRefreshComponent.swift */,
				9BAEBAF5212AEAC300D7F5C9 /* JBRefreshHeader.swift */,
				9B3EF6A2212D4B160011D058 /* JBRefreshFooter.swift */,
				9B3EF6A4212D4E1B0011D058 /* JBRefreshAutoFooter.swift */,
			);
			path = Base;
			sourceTree = "<group>";
		};
		9BAEBAF7212BB05600D7F5C9 /* Custom */ = {
			isa = PBXGroup;
			children = (
				9B3EF6A6212D5BF60011D058 /* Footer */,
				9BAEBAF8212BB06D00D7F5C9 /* Header */,
			);
			path = Custom;
			sourceTree = "<group>";
		};
		9BAEBAF8212BB06D00D7F5C9 /* Header */ = {
			isa = PBXGroup;
			children = (
				9BAEBAF9212BB09A00D7F5C9 /* JBRefreshStateHeader.swift */,
				9B3EF699212CFD5F0011D058 /* JBRefreshNormalHeader.swift */,
				9B3EF69B212D13660011D058 /* JBRefreshGifHeader.swift */,
			);
			path = Header;
			sourceTree = "<group>";
		};
/* End PBXGroup section */

/* Begin PBXNativeTarget section */
		9B4039FA212819310092943B /* JBRefreshExanple */ = {
			isa = PBXNativeTarget;
			buildConfigurationList = 9B403A23212819320092943B /* Build configuration list for PBXNativeTarget "JBRefreshExanple" */;
			buildPhases = (
				9B4039F7212819310092943B /* Sources */,
				9B4039F8212819310092943B /* Frameworks */,
				9B4039F9212819310092943B /* Resources */,
			);
			buildRules = (
			);
			dependencies = (
			);
			name = JBRefreshExanple;
			productName = JBRefreshExanple;
			productReference = 9B4039FB212819310092943B /* JBRefreshExanple.app */;
			productType = "com.apple.product-type.application";
		};
		9B403A0E212819320092943B /* JBRefreshExanpleTests */ = {
			isa = PBXNativeTarget;
			buildConfigurationList = 9B403A26212819320092943B /* Build configuration list for PBXNativeTarget "JBRefreshExanpleTests" */;
			buildPhases = (
				9B403A0B212819320092943B /* Sources */,
				9B403A0C212819320092943B /* Frameworks */,
				9B403A0D212819320092943B /* Resources */,
			);
			buildRules = (
			);
			dependencies = (
				9B403A11212819320092943B /* PBXTargetDependency */,
			);
			name = JBRefreshExanpleTests;
			productName = JBRefreshExanpleTests;
			productReference = 9B403A0F212819320092943B /* JBRefreshExanpleTests.xctest */;
			productType = "com.apple.product-type.bundle.unit-test";
		};
		9B403A19212819320092943B /* JBRefreshExanpleUITests */ = {
			isa = PBXNativeTarget;
			buildConfigurationList = 9B403A29212819320092943B /* Build configuration list for PBXNativeTarget "JBRefreshExanpleUITests" */;
			buildPhases = (
				9B403A16212819320092943B /* Sources */,
				9B403A17212819320092943B /* Frameworks */,
				9B403A18212819320092943B /* Resources */,
			);
			buildRules = (
			);
			dependencies = (
				9B403A1C212819320092943B /* PBXTargetDependency */,
			);
			name = JBRefreshExanpleUITests;
			productName = JBRefreshExanpleUITests;
			productReference = 9B403A1A212819320092943B /* JBRefreshExanpleUITests.xctest */;
			productType = "com.apple.product-type.bundle.ui-testing";
		};
/* End PBXNativeTarget section */

/* Begin PBXProject section */
		9B4039F3212819310092943B /* Project object */ = {
			isa = PBXProject;
			attributes = {
				CLASSPREFIX = JB;
				LastSwiftUpdateCheck = 0940;
				LastUpgradeCheck = 0940;
				ORGANIZATIONNAME = LEE;
				TargetAttributes = {
					9B4039FA212819310092943B = {
						CreatedOnToolsVersion = 9.4.1;
					};
					9B403A0E212819320092943B = {
						CreatedOnToolsVersion = 9.4.1;
						TestTargetID = 9B4039FA212819310092943B;
					};
					9B403A19212819320092943B = {
						CreatedOnToolsVersion = 9.4.1;
						TestTargetID = 9B4039FA212819310092943B;
					};
				};
			};
			buildConfigurationList = 9B4039F6212819310092943B /* Build configuration list for PBXProject "JBRefreshExanple" */;
			compatibilityVersion = "Xcode 9.3";
			developmentRegion = en;
			hasScannedForEncodings = 0;
			knownRegions = (
				en,
				Base,
			);
			mainGroup = 9B4039F2212819310092943B;
			productRefGroup = 9B4039FC212819310092943B /* Products */;
			projectDirPath = "";
			projectRoot = "";
			targets = (
				9B4039FA212819310092943B /* JBRefreshExanple */,
				9B403A0E212819320092943B /* JBRefreshExanpleTests */,
				9B403A19212819320092943B /* JBRefreshExanpleUITests */,
			);
		};
/* End PBXProject section */

/* Begin PBXResourcesBuildPhase section */
		9B4039F9212819310092943B /* Resources */ = {
			isa = PBXResourcesBuildPhase;
			buildActionMask = 2147483647;
			files = (
				9B403A09212819320092943B /* LaunchScreen.storyboard in Resources */,
				9B403A06212819320092943B /* Assets.xcassets in Resources */,
				9B403A04212819310092943B /* Main.storyboard in Resources */,
				9BAEBB06212BC6B000D7F5C9 /* JBRefresh.bundle in Resources */,
			);
			runOnlyForDeploymentPostprocessing = 0;
		};
		9B403A0D212819320092943B /* Resources */ = {
			isa = PBXResourcesBuildPhase;
			buildActionMask = 2147483647;
			files = (
			);
			runOnlyForDeploymentPostprocessing = 0;
		};
		9B403A18212819320092943B /* Resources */ = {
			isa = PBXResourcesBuildPhase;
			buildActionMask = 2147483647;
			files = (
			);
			runOnlyForDeploymentPostprocessing = 0;
		};
/* End PBXResourcesBuildPhase section */

/* Begin PBXSourcesBuildPhase section */
		9B4039F7212819310092943B /* Sources */ = {
			isa = PBXSourcesBuildPhase;
			buildActionMask = 2147483647;
			files = (
				9B3EF69C212D13660011D058 /* JBRefreshGifHeader.swift in Sources */,
				9BAEBAF2212AA0C900D7F5C9 /* UIViewExtension.swift in Sources */,
				9BAEBAF6212AEAC300D7F5C9 /* JBRefreshHeader.swift in Sources */,
				9BAEBAFA212BB09A00D7F5C9 /* JBRefreshStateHeader.swift in Sources */,
				9B403A3321281E160092943B /* JBRefreshComponent.swift in Sources */,
				9B16BF29212C10DB008AEA54 /* UIScrollViewRefresh.swift in Sources */,
				9BAEBAF0212A67ED00D7F5C9 /* JBRefreshConst.swift in Sources */,
				9B403A01212819310092943B /* ViewController.swift in Sources */,
				9B4039FF212819310092943B /* AppDelegate.swift in Sources */,
				9B3EF6A9212D5C6E0011D058 /* JBRefreshAutoStateFooter.swift in Sources */,
				9B3EF6A1212D406E0011D058 /* JBChiBaoZiHeader.swift in Sources */,
				9B3EF6A3212D4B160011D058 /* JBRefreshFooter.swift in Sources */,
				9BAEBAFC212BB27B00D7F5C9 /* UILabelExtension.swift in Sources */,
				9B3EF6A5212D4E1B0011D058 /* JBRefreshAutoFooter.swift in Sources */,
				9BAEBAFE212BBE2A00D7F5C9 /* NSBundleExtension.swift in Sources */,
				9BAEBAF4212AA78900D7F5C9 /* UIScrollViewExtension.swift in Sources */,
				9B3EF69E212D3A6C0011D058 /* JBTableViewControllerDemo.swift in Sources */,
				9B3EF69A212CFD5F0011D058 /* JBRefreshNormalHeader.swift in Sources */,
			);
			runOnlyForDeploymentPostprocessing = 0;
		};
		9B403A0B212819320092943B /* Sources */ = {
			isa = PBXSourcesBuildPhase;
			buildActionMask = 2147483647;
			files = (
				9B403A14212819320092943B /* JBRefreshExanpleTests.swift in Sources */,
			);
			runOnlyForDeploymentPostprocessing = 0;
		};
		9B403A16212819320092943B /* Sources */ = {
			isa = PBXSourcesBuildPhase;
			buildActionMask = 2147483647;
			files = (
				9B403A1F212819320092943B /* JBRefreshExanpleUITests.swift in Sources */,
			);
			runOnlyForDeploymentPostprocessing = 0;
		};
/* End PBXSourcesBuildPhase section */

/* Begin PBXTargetDependency section */
		9B403A11212819320092943B /* PBXTargetDependency */ = {
			isa = PBXTargetDependency;
			target = 9B4039FA212819310092943B /* JBRefreshExanple */;
			targetProxy = 9B403A10212819320092943B /* PBXContainerItemProxy */;
		};
		9B403A1C212819320092943B /* PBXTargetDependency */ = {
			isa = PBXTargetDependency;
			target = 9B4039FA212819310092943B /* JBRefreshExanple */;
			targetProxy = 9B403A1B212819320092943B /* PBXContainerItemProxy */;
		};
/* End PBXTargetDependency section */

/* Begin PBXVariantGroup section */
		9B403A02212819310092943B /* Main.storyboard */ = {
			isa = PBXVariantGroup;
			children = (
				9B403A03212819310092943B /* Base */,
			);
			name = Main.storyboard;
			sourceTree = "<group>";
		};
		9B403A07212819320092943B /* LaunchScreen.storyboard */ = {
			isa = PBXVariantGroup;
			children = (
				9B403A08212819320092943B /* Base */,
			);
			name = LaunchScreen.storyboard;
			sourceTree = "<group>";
		};
/* End PBXVariantGroup section */

/* Begin XCBuildConfiguration section */
		9B403A21212819320092943B /* Debug */ = {
			isa = XCBuildConfiguration;
			buildSettings = {
				ALWAYS_SEARCH_USER_PATHS = NO;
				CLANG_ANALYZER_NONNULL = YES;
				CLANG_ANALYZER_NUMBER_OBJECT_CONVERSION = YES_AGGRESSIVE;
				CLANG_CXX_LANGUAGE_STANDARD = "gnu++14";
				CLANG_CXX_LIBRARY = "libc++";
				CLANG_ENABLE_MODULES = YES;
				CLANG_ENABLE_OBJC_ARC = YES;
				CLANG_ENABLE_OBJC_WEAK = YES;
				CLANG_WARN_BLOCK_CAPTURE_AUTORELEASING = YES;
				CLANG_WARN_BOOL_CONVERSION = YES;
				CLANG_WARN_COMMA = YES;
				CLANG_WARN_CONSTANT_CONVERSION = YES;
				CLANG_WARN_DEPRECATED_OBJC_IMPLEMENTATIONS = YES;
				CLANG_WARN_DIRECT_OBJC_ISA_USAGE = YES_ERROR;
				CLANG_WARN_DOCUMENTATION_COMMENTS = YES;
				CLANG_WARN_EMPTY_BODY = YES;
				CLANG_WARN_ENUM_CONVERSION = YES;
				CLANG_WARN_INFINITE_RECURSION = YES;
				CLANG_WARN_INT_CONVERSION = YES;
				CLANG_WARN_NON_LITERAL_NULL_CONVERSION = YES;
				CLANG_WARN_OBJC_IMPLICIT_RETAIN_SELF = YES;
				CLANG_WARN_OBJC_LITERAL_CONVERSION = YES;
				CLANG_WARN_OBJC_ROOT_CLASS = YES_ERROR;
				CLANG_WARN_RANGE_LOOP_ANALYSIS = YES;
				CLANG_WARN_STRICT_PROTOTYPES = YES;
				CLANG_WARN_SUSPICIOUS_MOVE = YES;
				CLANG_WARN_UNGUARDED_AVAILABILITY = YES_AGGRESSIVE;
				CLANG_WARN_UNREACHABLE_CODE = YES;
				CLANG_WARN__DUPLICATE_METHOD_MATCH = YES;
				CODE_SIGN_IDENTITY = "iPhone Developer";
				COPY_PHASE_STRIP = NO;
				DEBUG_INFORMATION_FORMAT = dwarf;
				ENABLE_STRICT_OBJC_MSGSEND = YES;
				ENABLE_TESTABILITY = YES;
				GCC_C_LANGUAGE_STANDARD = gnu11;
				GCC_DYNAMIC_NO_PIC = NO;
				GCC_NO_COMMON_BLOCKS = YES;
				GCC_OPTIMIZATION_LEVEL = 0;
				GCC_PREPROCESSOR_DEFINITIONS = (
					"DEBUG=1",
					"$(inherited)",
				);
				GCC_WARN_64_TO_32_BIT_CONVERSION = YES;
				GCC_WARN_ABOUT_RETURN_TYPE = YES_ERROR;
				GCC_WARN_UNDECLARED_SELECTOR = YES;
				GCC_WARN_UNINITIALIZED_AUTOS = YES_AGGRESSIVE;
				GCC_WARN_UNUSED_FUNCTION = YES;
				GCC_WARN_UNUSED_VARIABLE = YES;
				IPHONEOS_DEPLOYMENT_TARGET = 11.4;
				MTL_ENABLE_DEBUG_INFO = YES;
				ONLY_ACTIVE_ARCH = YES;
				SDKROOT = iphoneos;
				SWIFT_ACTIVE_COMPILATION_CONDITIONS = DEBUG;
				SWIFT_OPTIMIZATION_LEVEL = "-Onone";
			};
			name = Debug;
		};
		9B403A22212819320092943B /* Release */ = {
			isa = XCBuildConfiguration;
			buildSettings = {
				ALWAYS_SEARCH_USER_PATHS = NO;
				CLANG_ANALYZER_NONNULL = YES;
				CLANG_ANALYZER_NUMBER_OBJECT_CONVERSION = YES_AGGRESSIVE;
				CLANG_CXX_LANGUAGE_STANDARD = "gnu++14";
				CLANG_CXX_LIBRARY = "libc++";
				CLANG_ENABLE_MODULES = YES;
				CLANG_ENABLE_OBJC_ARC = YES;
				CLANG_ENABLE_OBJC_WEAK = YES;
				CLANG_WARN_BLOCK_CAPTURE_AUTORELEASING = YES;
				CLANG_WARN_BOOL_CONVERSION = YES;
				CLANG_WARN_COMMA = YES;
				CLANG_WARN_CONSTANT_CONVERSION = YES;
				CLANG_WARN_DEPRECATED_OBJC_IMPLEMENTATIONS = YES;
				CLANG_WARN_DIRECT_OBJC_ISA_USAGE = YES_ERROR;
				CLANG_WARN_DOCUMENTATION_COMMENTS = YES;
				CLANG_WARN_EMPTY_BODY = YES;
				CLANG_WARN_ENUM_CONVERSION = YES;
				CLANG_WARN_INFINITE_RECURSION = YES;
				CLANG_WARN_INT_CONVERSION = YES;
				CLANG_WARN_NON_LITERAL_NULL_CONVERSION = YES;
				CLANG_WARN_OBJC_IMPLICIT_RETAIN_SELF = YES;
				CLANG_WARN_OBJC_LITERAL_CONVERSION = YES;
				CLANG_WARN_OBJC_ROOT_CLASS = YES_ERROR;
				CLANG_WARN_RANGE_LOOP_ANALYSIS = YES;
				CLANG_WARN_STRICT_PROTOTYPES = YES;
				CLANG_WARN_SUSPICIOUS_MOVE = YES;
				CLANG_WARN_UNGUARDED_AVAILABILITY = YES_AGGRESSIVE;
				CLANG_WARN_UNREACHABLE_CODE = YES;
				CLANG_WARN__DUPLICATE_METHOD_MATCH = YES;
				CODE_SIGN_IDENTITY = "iPhone Developer";
				COPY_PHASE_STRIP = NO;
				DEBUG_INFORMATION_FORMAT = "dwarf-with-dsym";
				ENABLE_NS_ASSERTIONS = NO;
				ENABLE_STRICT_OBJC_MSGSEND = YES;
				GCC_C_LANGUAGE_STANDARD = gnu11;
				GCC_NO_COMMON_BLOCKS = YES;
				GCC_WARN_64_TO_32_BIT_CONVERSION = YES;
				GCC_WARN_ABOUT_RETURN_TYPE = YES_ERROR;
				GCC_WARN_UNDECLARED_SELECTOR = YES;
				GCC_WARN_UNINITIALIZED_AUTOS = YES_AGGRESSIVE;
				GCC_WARN_UNUSED_FUNCTION = YES;
				GCC_WARN_UNUSED_VARIABLE = YES;
				IPHONEOS_DEPLOYMENT_TARGET = 11.4;
				MTL_ENABLE_DEBUG_INFO = NO;
				SDKROOT = iphoneos;
				SWIFT_COMPILATION_MODE = wholemodule;
				SWIFT_OPTIMIZATION_LEVEL = "-O";
				VALIDATE_PRODUCT = YES;
			};
			name = Release;
		};
		9B403A24212819320092943B /* Debug */ = {
			isa = XCBuildConfiguration;
			buildSettings = {
				ASSETCATALOG_COMPILER_APPICON_NAME = AppIcon;
				CODE_SIGN_STYLE = Automatic;
				DEVELOPMENT_TEAM = 47W28PSMV7;
				INFOPLIST_FILE = JBRefreshExanple/Info.plist;
				IPHONEOS_DEPLOYMENT_TARGET = 8.0;
				LD_RUNPATH_SEARCH_PATHS = (
					"$(inherited)",
					"@executable_path/Frameworks",
				);
				PRODUCT_BUNDLE_IDENTIFIER = com.ljb.JBRefreshExanple;
				PRODUCT_NAME = "$(TARGET_NAME)";
				SWIFT_VERSION = 4.0;
				TARGETED_DEVICE_FAMILY = "1,2";
			};
			name = Debug;
		};
		9B403A25212819320092943B /* Release */ = {
			isa = XCBuildConfiguration;
			buildSettings = {
				ASSETCATALOG_COMPILER_APPICON_NAME = AppIcon;
				CODE_SIGN_STYLE = Automatic;
				DEVELOPMENT_TEAM = 47W28PSMV7;
				INFOPLIST_FILE = JBRefreshExanple/Info.plist;
				IPHONEOS_DEPLOYMENT_TARGET = 8.0;
				LD_RUNPATH_SEARCH_PATHS = (
					"$(inherited)",
					"@executable_path/Frameworks",
				);
				PRODUCT_BUNDLE_IDENTIFIER = com.ljb.JBRefreshExanple;
				PRODUCT_NAME = "$(TARGET_NAME)";
				SWIFT_VERSION = 4.0;
				TARGETED_DEVICE_FAMILY = "1,2";
			};
			name = Release;
		};
		9B403A27212819320092943B /* Debug */ = {
			isa = XCBuildConfiguration;
			buildSettings = {
				ALWAYS_EMBED_SWIFT_STANDARD_LIBRARIES = YES;
				BUNDLE_LOADER = "$(TEST_HOST)";
				CODE_SIGN_STYLE = Automatic;
				DEVELOPMENT_TEAM = 47W28PSMV7;
				INFOPLIST_FILE = JBRefreshExanpleTests/Info.plist;
				LD_RUNPATH_SEARCH_PATHS = (
					"$(inherited)",
					"@executable_path/Frameworks",
					"@loader_path/Frameworks",
				);
				PRODUCT_BUNDLE_IDENTIFIER = com.ljb.JBRefreshExanpleTests;
				PRODUCT_NAME = "$(TARGET_NAME)";
				SWIFT_VERSION = 4.0;
				TARGETED_DEVICE_FAMILY = "1,2";
				TEST_HOST = "$(BUILT_PRODUCTS_DIR)/JBRefreshExanple.app/JBRefreshExanple";
			};
			name = Debug;
		};
		9B403A28212819320092943B /* Release */ = {
			isa = XCBuildConfiguration;
			buildSettings = {
				ALWAYS_EMBED_SWIFT_STANDARD_LIBRARIES = YES;
				BUNDLE_LOADER = "$(TEST_HOST)";
				CODE_SIGN_STYLE = Automatic;
				DEVELOPMENT_TEAM = 47W28PSMV7;
				INFOPLIST_FILE = JBRefreshExanpleTests/Info.plist;
				LD_RUNPATH_SEARCH_PATHS = (
					"$(inherited)",
					"@executable_path/Frameworks",
					"@loader_path/Frameworks",
				);
				PRODUCT_BUNDLE_IDENTIFIER = com.ljb.JBRefreshExanpleTests;
				PRODUCT_NAME = "$(TARGET_NAME)";
				SWIFT_VERSION = 4.0;
				TARGETED_DEVICE_FAMILY = "1,2";
				TEST_HOST = "$(BUILT_PRODUCTS_DIR)/JBRefreshExanple.app/JBRefreshExanple";
			};
			name = Release;
		};
		9B403A2A212819320092943B /* Debug */ = {
			isa = XCBuildConfiguration;
			buildSettings = {
				ALWAYS_EMBED_SWIFT_STANDARD_LIBRARIES = YES;
				CODE_SIGN_STYLE = Automatic;
				DEVELOPMENT_TEAM = 47W28PSMV7;
				INFOPLIST_FILE = JBRefreshExanpleUITests/Info.plist;
				LD_RUNPATH_SEARCH_PATHS = (
					"$(inherited)",
					"@executable_path/Frameworks",
					"@loader_path/Frameworks",
				);
				PRODUCT_BUNDLE_IDENTIFIER = com.ljb.JBRefreshExanpleUITests;
				PRODUCT_NAME = "$(TARGET_NAME)";
				SWIFT_VERSION = 4.0;
				TARGETED_DEVICE_FAMILY = "1,2";
				TEST_TARGET_NAME = JBRefreshExanple;
			};
			name = Debug;
		};
		9B403A2B212819320092943B /* Release */ = {
			isa = XCBuildConfiguration;
			buildSettings = {
				ALWAYS_EMBED_SWIFT_STANDARD_LIBRARIES = YES;
				CODE_SIGN_STYLE = Automatic;
				DEVELOPMENT_TEAM = 47W28PSMV7;
				INFOPLIST_FILE = JBRefreshExanpleUITests/Info.plist;
				LD_RUNPATH_SEARCH_PATHS = (
					"$(inherited)",
					"@executable_path/Frameworks",
					"@loader_path/Frameworks",
				);
				PRODUCT_BUNDLE_IDENTIFIER = com.ljb.JBRefreshExanpleUITests;
				PRODUCT_NAME = "$(TARGET_NAME)";
				SWIFT_VERSION = 4.0;
				TARGETED_DEVICE_FAMILY = "1,2";
				TEST_TARGET_NAME = JBRefreshExanple;
			};
			name = Release;
		};
/* End XCBuildConfiguration section */

/* Begin XCConfigurationList section */
		9B4039F6212819310092943B /* Build configuration list for PBXProject "JBRefreshExanple" */ = {
			isa = XCConfigurationList;
			buildConfigurations = (
				9B403A21212819320092943B /* Debug */,
				9B403A22212819320092943B /* Release */,
			);
			defaultConfigurationIsVisible = 0;
			defaultConfigurationName = Release;
		};
		9B403A23212819320092943B /* Build configuration list for PBXNativeTarget "JBRefreshExanple" */ = {
			isa = XCConfigurationList;
			buildConfigurations = (
				9B403A24212819320092943B /* Debug */,
				9B403A25212819320092943B /* Release */,
			);
			defaultConfigurationIsVisible = 0;
			defaultConfigurationName = Release;
		};
		9B403A26212819320092943B /* Build configuration list for PBXNativeTarget "JBRefreshExanpleTests" */ = {
			isa = XCConfigurationList;
			buildConfigurations = (
				9B403A27212819320092943B /* Debug */,
				9B403A28212819320092943B /* Release */,
			);
			defaultConfigurationIsVisible = 0;
			defaultConfigurationName = Release;
		};
		9B403A29212819320092943B /* Build configuration list for PBXNativeTarget "JBRefreshExanpleUITests" */ = {
			isa = XCConfigurationList;
			buildConfigurations = (
				9B403A2A212819320092943B /* Debug */,
				9B403A2B212819320092943B /* Release */,
			);
			defaultConfigurationIsVisible = 0;
			defaultConfigurationName = Release;
		};
/* End XCConfigurationList section */
	};
	rootObject = 9B4039F3212819310092943B /* Project object */;
}
